# This file is autogenerated, do not edit; changes may be undone by the next 'dep ensure'.


[[projects]]
  branch = "master"
  name = "github.com/jinzhu/now"
  packages = ["."]
  revision = "d939ba741945c047cac69c329c5fb0d6b4a06520"

[[projects]]
  branch = "master"
  name = "github.com/minond/gofigure"
  packages = ["."]
  revision = "9b9017d543c7db3ebb1744517ab94fe1dca18d98"

[[projects]]
  branch = "v2"
  name = "gopkg.in/yaml.v2"
  packages = ["."]
  revision = "eb3733d160e74a9c7e442f435eb3bea458e1d19f"

[solve-meta]
  analyzer-name = "dep"
  analyzer-version = 1
  inputs-digest = "fc120f377f938279bd4ee7532a95769432f575a530b095104c948698a89a1d32"
  solver-name = "gps-cdcl"
  solver-version = 1
